Microsoft Visual Studio Solution File, Format Version 12.00
# Visual Studio Version 17
VisualStudioVersion = 17.5.2.0
MinimumVisualStudioVersion = 10.0.40219.1
Project("{FAE04EC0-301F-11D3-BF4B-00C04F79EFBC}") = "Basics", "Basics\Basics.csproj", "{C4E32743-2D7B-2ECC-6276-ED7BF53ABE36}"
EndProject
Project("{FAE04EC0-301F-11D3-BF4B-00C04F79EFBC}") = "Collections", "Collections\Collections.csproj", "{EA54F1AE-02B0-886B-00D8-57B8707E67DA}"
EndProject
Project("{FAE04EC0-301F-11D3-BF4B-00C04F79EFBC}") = "DSA", "DSA\DSA.csproj", "{47920C14-9C8A-4255-80C5-0D77C8D66BD3}"
EndProject
Global
	GlobalSection(SolutionConfigurationPlatforms) = preSolution
		Debug|Any CPU = Debug|Any CPU
		Release|Any CPU = Release|Any CPU
	EndGlobalSection
	GlobalSection(ProjectConfigurationPlatforms) = postSolution
		{C4E32743-2D7B-2ECC-6276-ED7BF53ABE36}.Debug|Any CPU.ActiveCfg = Debug|Any CPU
		{C4E32743-2D7B-2ECC-6276-ED7BF53ABE36}.Debug|Any CPU.Build.0 = Debug|Any CPU
		{C4E32743-2D7B-2ECC-6276-ED7BF53ABE36}.Release|Any CPU.ActiveCfg = Release|Any CPU
		{C4E32743-2D7B-2ECC-6276-ED7BF53ABE36}.Release|Any CPU.Build.0 = Release|Any CPU
		{EA54F1AE-02B0-886B-00D8-57B8707E67DA}.Debug|Any CPU.ActiveCfg = Debug|Any CPU
		{EA54F1AE-02B0-886B-00D8-57B8707E67DA}.Debug|Any CPU.Build.0 = Debug|Any CPU
		{EA54F1AE-02B0-886B-00D8-57B8707E67DA}.Release|Any CPU.ActiveCfg = Release|Any CPU
		{EA54F1AE-02B0-886B-00D8-57B8707E67DA}.Release|Any CPU.Build.0 = Release|Any CPU
		{47920C14-9C8A-4255-80C5-0D77C8D66BD3}.Debug|Any CPU.ActiveCfg = Debug|Any CPU
		{47920C14-9C8A-4255-80C5-0D77C8D66BD3}.Debug|Any CPU.Build.0 = Debug|Any CPU
		{47920C14-9C8A-4255-80C5-0D77C8D66BD3}.Release|Any CPU.ActiveCfg = Release|Any CPU
		{47920C14-9C8A-4255-80C5-0D77C8D66BD3}.Release|Any CPU.Build.0 = Release|Any CPU
	EndGlobalSection
	GlobalSection(SolutionProperties) = preSolution
		HideSolutionNode = FALSE
	EndGlobalSection
	GlobalSection(ExtensibilityGlobals) = postSolution
		SolutionGuid = {CEDEEDB4-8020-4EC5-B381-31710E2028CC}
	EndGlobalSection
EndGlobal
